
Microsoft Visual Studio Solution File, Format Version 12.00
# Visual Studio Version 16
VisualStudioVersion = 16.0.30523.141
MinimumVisualStudioVersion = 10.0.40219.1
Project("{FAE04EC0-301F-11D3-BF4B-00C04F79EFBC}") = "Science+", "Science+.csproj", "{19F84A4C-9490-494F-AA96-AF752835A771}"
EndProject
Global
	GlobalSection(SolutionConfigurationPlatforms) = preSolution
		Debug|Any CPU = Debug|Any CPU
		Release|Any CPU = Release|Any CPU
	EndGlobalSection
	GlobalSection(ProjectConfigurationPlatforms) = postSolution
		{19F84A4C-9490-494F-AA96-AF752835A771}.Debug|Any CPU.ActiveCfg = Debug|Any CPU
		{19F84A4C-9490-494F-AA96-AF752835A771}.Debug|Any CPU.Build.0 = Debug|Any CPU
		{19F84A4C-9490-494F-AA96-AF752835A771}.Release|Any CPU.ActiveCfg = Release|Any CPU
		{19F84A4C-9490-494F-AA96-AF752835A771}.Release|Any CPU.Build.0 = Release|Any CPU
	EndGlobalSection
	GlobalSection(SolutionProperties) = preSolution
		HideSolutionNode = FALSE
	EndGlobalSection
	GlobalSection(ExtensibilityGlobals) = postSolution
		SolutionGuid = {6188D4CA-663B-4849-A389-FEAC9B3BA1D6}
	EndGlobalSection
EndGlobal
